
Microsoft Visual Studio Solution File, Format Version 12.00
# Visual Studio Version 17
VisualStudioVersion = 17.4.33213.308
MinimumVisualStudioVersion = 10.0.40219.1
Project("{FAE04EC0-301F-11D3-BF4B-00C04F79EFBC}") = "Vista", "Vista\Vista.csproj", "{616D0CA4-0634-4EB5-BC4A-C8E5AFDB6B6B}"
EndProject
Project("{FAE04EC0-301F-11D3-BF4B-00C04F79EFBC}") = "Entidades", "Entidades\Entidades.csproj", "{11307E21-83FA-466A-9A37-F828BB03CD0B}"
EndProject
Project("{FAE04EC0-301F-11D3-BF4B-00C04F79EFBC}") = "Datos", "Datos\Datos.csproj", "{80FE26AA-676C-4323-AE84-EC407714CB78}"
EndProject
Global
	GlobalSection(SolutionConfigurationPlatforms) = preSolution
		Debug|Any CPU = Debug|Any CPU
		Release|Any CPU = Release|Any CPU
	EndGlobalSection
	GlobalSection(ProjectConfigurationPlatforms) = postSolution
		{616D0CA4-0634-4EB5-BC4A-C8E5AFDB6B6B}.Debug|Any CPU.ActiveCfg = Debug|Any CPU
		{616D0CA4-0634-4EB5-BC4A-C8E5AFDB6B6B}.Debug|Any CPU.Build.0 = Debug|Any CPU
		{616D0CA4-0634-4EB5-BC4A-C8E5AFDB6B6B}.Release|Any CPU.ActiveCfg = Release|Any CPU
		{616D0CA4-0634-4EB5-BC4A-C8E5AFDB6B6B}.Release|Any CPU.Build.0 = Release|Any CPU
		{11307E21-83FA-466A-9A37-F828BB03CD0B}.Debug|Any CPU.ActiveCfg = Debug|Any CPU
		{11307E21-83FA-466A-9A37-F828BB03CD0B}.Debug|Any CPU.Build.0 = Debug|Any CPU
		{11307E21-83FA-466A-9A37-F828BB03CD0B}.Release|Any CPU.ActiveCfg = Release|Any CPU
		{11307E21-83FA-466A-9A37-F828BB03CD0B}.Release|Any CPU.Build.0 = Release|Any CPU
		{80FE26AA-676C-4323-AE84-EC407714CB78}.Debug|Any CPU.ActiveCfg = Debug|Any CPU
		{80FE26AA-676C-4323-AE84-EC407714CB78}.Debug|Any CPU.Build.0 = Debug|Any CPU
		{80FE26AA-676C-4323-AE84-EC407714CB78}.Release|Any CPU.ActiveCfg = Release|Any CPU
		{80FE26AA-676C-4323-AE84-EC407714CB78}.Release|Any CPU.Build.0 = Release|Any CPU
	EndGlobalSection
	GlobalSection(SolutionProperties) = preSolution
		HideSolutionNode = FALSE
	EndGlobalSection
	GlobalSection(ExtensibilityGlobals) = postSolution
		SolutionGuid = {1EB37682-3D37-4797-BEEF-85D848345670}
	EndGlobalSection
EndGlobal
